Microsoft Visual Studio Solution File, Format Version 12.00
# Visual Studio Version 17
VisualStudioVersion = 17.0.31903.59
MinimumVisualStudioVersion = 10.0.40219.1
Project("{2150E333-8FDC-42A3-9474-1A3956D46DE8}") = "src", "src", "{1755F7AA-FB43-47AE-AD6B-6DBA77710F1F}"
EndProject
Project("{FAE04EC0-301F-11D3-BF4B-00C04F79EFBC}") = "Leightweight.Multitenancy.Abstractions", "src\Abstractions\Leightweight.Multitenancy.Abstractions.csproj", "{8D428504-B2AC-49EF-B470-D4B100066ACE}"
EndProject
Global
	GlobalSection(SolutionConfigurationPlatforms) = preSolution
		Debug|Any CPU = Debug|Any CPU
		Release|Any CPU = Release|Any CPU
	EndGlobalSection
	GlobalSection(SolutionProperties) = preSolution
		HideSolutionNode = FALSE
	EndGlobalSection
	GlobalSection(ProjectConfigurationPlatforms) = postSolution
		{8D428504-B2AC-49EF-B470-D4B100066ACE}.Debug|Any CPU.ActiveCfg = Debug|Any CPU
		{8D428504-B2AC-49EF-B470-D4B100066ACE}.Debug|Any CPU.Build.0 = Debug|Any CPU
		{8D428504-B2AC-49EF-B470-D4B100066ACE}.Release|Any CPU.ActiveCfg = Release|Any CPU
		{8D428504-B2AC-49EF-B470-D4B100066ACE}.Release|Any CPU.Build.0 = Release|Any CPU
	EndGlobalSection
	GlobalSection(NestedProjects) = preSolution
		{8D428504-B2AC-49EF-B470-D4B100066ACE} = {1755F7AA-FB43-47AE-AD6B-6DBA77710F1F}
	EndGlobalSection
EndGlobal
